
Microsoft Visual Studio Solution File, Format Version 12.00
# Visual Studio Version 17
VisualStudioVersion = 17.2.32616.157
MinimumVisualStudioVersion = 10.0.40219.1
Project("{FAE04EC0-301F-11D3-BF4B-00C04F79EFBC}") = "AuthorizationForm", "AuthorizationForm.csproj", "{570C88C5-D3EC-470A-BFBB-A4F320E4E526}"
EndProject
Global
	GlobalSection(SolutionConfigurationPlatforms) = preSolution
		Debug|Any CPU = Debug|Any CPU
		Release|Any CPU = Release|Any CPU
	EndGlobalSection
	GlobalSection(ProjectConfigurationPlatforms) = postSolution
		{570C88C5-D3EC-470A-BFBB-A4F320E4E526}.Debug|Any CPU.ActiveCfg = Debug|Any CPU
		{570C88C5-D3EC-470A-BFBB-A4F320E4E526}.Debug|Any CPU.Build.0 = Debug|Any CPU
		{570C88C5-D3EC-470A-BFBB-A4F320E4E526}.Release|Any CPU.ActiveCfg = Release|Any CPU
		{570C88C5-D3EC-470A-BFBB-A4F320E4E526}.Release|Any CPU.Build.0 = Release|Any CPU
	EndGlobalSection
	GlobalSection(SolutionProperties) = preSolution
		HideSolutionNode = FALSE
	EndGlobalSection
	GlobalSection(ExtensibilityGlobals) = postSolution
		SolutionGuid = {39D4D2F0-BC1B-462E-A538-B58E2AF1F150}
	EndGlobalSection
EndGlobal
